# THIS IS AN AUTOGENERATED FILE. DO NOT EDIT THIS FILE DIRECTLY.
# yarn lockfile v1


"@actions/core@^1.10.0":
  version "1.10.0"
  resolved "https://registry.yarnpkg.com/@actions/core/-/core-1.10.0.tgz#44551c3c71163949a2f06e94d9ca2157a0cfac4f"
  integrity sha512-2aZDDa3zrrZbP5ZYg159sNoLRb61nQ7awl5pSvIq5Qpj81vwDzdMRKzkWJGJuwVvWpvZKx7vspJALyvaaIQyug==
  dependencies:
    "@actions/http-client" "^2.0.1"
    uuid "^8.3.2"

"@actions/exec@^1.1.0":
  version "1.1.0"
  resolved "https://registry.yarnpkg.com/@actions/exec/-/exec-1.1.0.tgz#53441d968e56d2fec69ad3f15773d4d94e01162c"
  integrity sha512-LImpN9AY0J1R1mEYJjVJfSZWU4zYOlEcwSTgPve1rFQqK5AwrEs6uWW5Rv70gbDIQIAUwI86z6B+9mPK4w9Sbg==
  dependencies:
    "@actions/io" "^1.0.1"

"@actions/http-client@^2.0.1":
  version "2.0.1"
  resolved "https://registry.yarnpkg.com/@actions/http-client/-/http-client-2.0.1.tgz#873f4ca98fe32f6839462a6f046332677322f99c"
  integrity sha512-PIXiMVtz6VvyaRsGY268qvj57hXQEpsYogYOu2nrQhlf+XCGmZstmuZBbAybUl1nQGnvS1k1eEsQ69ZoD7xlSw==
  dependencies:
    tunnel "^0.0.6"

"@actions/io@^1.0.1":
  version "1.1.1"
  resolved "https://registry.yarnpkg.com/@actions/io/-/io-1.1.1.tgz#4a157406309e212ab27ed3ae30e8c1d641686a66"
  integrity sha512-Qi4JoKXjmE0O67wAOH6y0n26QXhMKMFo7GD/4IXNVcrtLjUlGjGuVys6pQgwF3ArfGTQu0XpqaNr0YhED2RaRA==

"@kwsites/file-exists@^1.1.1":
  version "1.1.1"
  resolved "https://registry.yarnpkg.com/@kwsites/file-exists/-/file-exists-1.1.1.tgz#ad1efcac13e1987d8dbaf235ef3be5b0d96faa99"
  integrity sha512-m9/5YGR18lIwxSFDwfE3oA7bWuq9kdau6ugN4H2rJeyhFQZcG9AgSHkQtSD15a8WvTgfz9aikZMrKPHvbpqFiw==
  dependencies:
    debug "^4.1.1"

"@kwsites/promise-deferred@^1.1.1":
  version "1.1.1"
  resolved "https://registry.yarnpkg.com/@kwsites/promise-deferred/-/promise-deferred-1.1.1.tgz#8ace5259254426ccef57f3175bc64ed7095ed919"
  integrity sha512-GaHYm+c0O9MjZRu0ongGBRbinu8gVAMd2UZjji6jVmqKtZluZnptXGWhz1E8j8D2HJ3f/yMxKAUC0b+57wncIw==

"@vercel/ncc@^0.31.1":
  version "0.31.1"
  resolved "https://registry.yarnpkg.com/@vercel/ncc/-/ncc-0.31.1.tgz#9346c7e59326f5eeac75c0286e47df94c2d6d8f7"
  integrity sha512-g0FAxwdViI6UzsiVz5HssIHqjcPa1EHL6h+2dcJD893SoCJaGdqqgUF09xnMW6goWnnhbLvgiKlgJWrJa+7qYA==

debug@^4.1.1, debug@^4.3.1:
  version "4.3.2"
  resolved "https://registry.yarnpkg.com/debug/-/debug-4.3.2.tgz#f0a49c18ac8779e31d4a0c6029dfb76873c7428b"
  integrity sha512-mOp8wKcvj7XxC78zLgw/ZA+6TSgkoE2C/ienthhRD298T7UNwAg9diBpLRxC0mOezLl4B0xV7M0cCO6P/O0Xhw==
  dependencies:
    ms "2.1.2"

ms@2.1.2:
  version "2.1.2"
  resolved "https://registry.yarnpkg.com/ms/-/ms-2.1.2.tgz#d09d1f357b443f493382a8eb3ccd183872ae6009"
  integrity sha512-sGkPx+VjMtmA6MX27oA4FBFELFCZZ4S4XqeGOXCv68tT+jb3vk/RyaKWP0PTKyWtmLSM0b+adUTEvbs1PEaH2w==

simple-git@^2.45.1:
  version "2.45.1"
  resolved "https://registry.yarnpkg.com/simple-git/-/simple-git-2.45.1.tgz#27d26ae59f734ffd7e1dea16a1ee3b309d68f5ef"
  integrity sha512-NmEoThiLTJxl26WNtZxtJTue18ReTcSrf3so5vJG/O8KY9uMxH+yAhXV/DElBJyOYZrrBbVsH8JOFxgENdc9Xg==
  dependencies:
    "@kwsites/file-exists" "^1.1.1"
    "@kwsites/promise-deferred" "^1.1.1"
    debug "^4.3.1"

tunnel@^0.0.6:
  version "0.0.6"
  resolved "https://registry.yarnpkg.com/tunnel/-/tunnel-0.0.6.tgz#72f1314b34a5b192db012324df2cc587ca47f92c"
  integrity sha512-1h/Lnq9yajKY2PEbBadPXj3VxsDDu844OnaAo52UVmIzIvwwtBPIuNvkjuzBlTWpfJyUbG3ez0KSBibQkj4ojg==

uuid@^8.3.2:
  version "8.3.2"
  resolved "https://registry.yarnpkg.com/uuid/-/uuid-8.3.2.tgz#80d5b5ced271bb9af6c445f21a1a04c606cefbe2"
  integrity sha512-+NYs2QeMWy+GWFOEm9xnn6HCDp0l7QBD7ml8zLUmJ+93Q5NF0NocErnwkTkXVFNiX3/fpC6afS8Dhb/gz7R7eg==
